
Microsoft Visual Studio Solution File, Format Version 12.00
# Visual Studio Version 17
VisualStudioVersion = 17.4.33110.190
MinimumVisualStudioVersion = 10.0.40219.1
Project("{9A19103F-16F7-4668-BE54-9A1E7A4F7556}") = "AdPlayTest_Pias", "AdPlayTest_Pias\AdPlayTest_Pias.csproj", "{B133B519-0470-40AD-9509-D0CFA27477D5}"
EndProject
Project("{9A19103F-16F7-4668-BE54-9A1E7A4F7556}") = "AdPlayTest", "AdPlayTest\AdPlayTest.csproj", "{520D1CB9-4850-4892-9D34-C77E5DAEC150}"
EndProject
Project("{2150E333-8FDC-42A3-9474-1A3956D46DE8}") = "Solution Items", "Solution Items", "{3DA8B92C-8AC0-4AEA-AABB-60F748E3CF99}"
	ProjectSection(SolutionItems) = preProject
		..\..\..\Desktop\UniqueEmployeeNameInReverse.sql = ..\..\..\Desktop\UniqueEmployeeNameInReverse.sql
	EndProjectSection
EndProject
Global
	GlobalSection(SolutionConfigurationPlatforms) = preSolution
		Debug|Any CPU = Debug|Any CPU
		Release|Any CPU = Release|Any CPU
	EndGlobalSection
	GlobalSection(ProjectConfigurationPlatforms) = postSolution
		{B133B519-0470-40AD-9509-D0CFA27477D5}.Debug|Any CPU.ActiveCfg = Debug|Any CPU
		{B133B519-0470-40AD-9509-D0CFA27477D5}.Debug|Any CPU.Build.0 = Debug|Any CPU
		{B133B519-0470-40AD-9509-D0CFA27477D5}.Release|Any CPU.ActiveCfg = Release|Any CPU
		{B133B519-0470-40AD-9509-D0CFA27477D5}.Release|Any CPU.Build.0 = Release|Any CPU
		{520D1CB9-4850-4892-9D34-C77E5DAEC150}.Debug|Any CPU.ActiveCfg = Debug|Any CPU
		{520D1CB9-4850-4892-9D34-C77E5DAEC150}.Debug|Any CPU.Build.0 = Debug|Any CPU
		{520D1CB9-4850-4892-9D34-C77E5DAEC150}.Release|Any CPU.ActiveCfg = Release|Any CPU
		{520D1CB9-4850-4892-9D34-C77E5DAEC150}.Release|Any CPU.Build.0 = Release|Any CPU
	EndGlobalSection
	GlobalSection(SolutionProperties) = preSolution
		HideSolutionNode = FALSE
	EndGlobalSection
	GlobalSection(ExtensibilityGlobals) = postSolution
		SolutionGuid = {D932F4E6-C18A-4654-96AF-FFD0700D23FD}
	EndGlobalSection
EndGlobal
